
Microsoft Visual Studio Solution File, Format Version 11.00
# Visual Studio 2010
Project("{FAE04EC0-301F-11D3-BF4B-00C04F79EFBC}") = "Vinoteka", "WindowsFormsApplication1\Vinoteka.csproj", "{A086F4C0-53FC-4360-9D65-B7626080FD23}"
EndProject
Project("{2150E333-8FDC-42A3-9474-1A3956D46DE8}") = "Solution Items", "Solution Items", "{DCE507E3-DAF5-4987-AB09-9A90BC067661}"
	ProjectSection(SolutionItems) = preProject
		Local.testsettings = Local.testsettings
		TraceAndTestImpact.testsettings = TraceAndTestImpact.testsettings
		Vinoteka.vsmdi = Vinoteka.vsmdi
	EndProjectSection
EndProject
Project("{FAE04EC0-301F-11D3-BF4B-00C04F79EFBC}") = "VinotekaTestProject", "VinotekaTestProject\VinotekaTestProject.csproj", "{01D0C1A7-9845-4323-BD5B-B1B3D5074185}"
EndProject
Global
	GlobalSection(TestCaseManagementSettings) = postSolution
		CategoryFile = Vinoteka.vsmdi
	EndGlobalSection
	GlobalSection(SolutionConfigurationPlatforms) = preSolution
		Debug|Any CPU = Debug|Any CPU
		Debug|Mixed Platforms = Debug|Mixed Platforms
		Debug|x86 = Debug|x86
		Release|Any CPU = Release|Any CPU
		Release|Mixed Platforms = Release|Mixed Platforms
		Release|x86 = Release|x86
	EndGlobalSection
	GlobalSection(ProjectConfigurationPlatforms) = postSolution
		{A086F4C0-53FC-4360-9D65-B7626080FD23}.Debug|Any CPU.ActiveCfg = Debug|x86
		{A086F4C0-53FC-4360-9D65-B7626080FD23}.Debug|Mixed Platforms.ActiveCfg = Debug|x86
		{A086F4C0-53FC-4360-9D65-B7626080FD23}.Debug|Mixed Platforms.Build.0 = Debug|x86
		{A086F4C0-53FC-4360-9D65-B7626080FD23}.Debug|x86.ActiveCfg = Debug|x86
		{A086F4C0-53FC-4360-9D65-B7626080FD23}.Debug|x86.Build.0 = Debug|x86
		{A086F4C0-53FC-4360-9D65-B7626080FD23}.Release|Any CPU.ActiveCfg = Release|x86
		{A086F4C0-53FC-4360-9D65-B7626080FD23}.Release|Mixed Platforms.ActiveCfg = Release|x86
		{A086F4C0-53FC-4360-9D65-B7626080FD23}.Release|Mixed Platforms.Build.0 = Release|x86
		{A086F4C0-53FC-4360-9D65-B7626080FD23}.Release|x86.ActiveCfg = Release|x86
		{A086F4C0-53FC-4360-9D65-B7626080FD23}.Release|x86.Build.0 = Release|x86
		{01D0C1A7-9845-4323-BD5B-B1B3D5074185}.Debug|Any CPU.ActiveCfg = Debug|Any CPU
		{01D0C1A7-9845-4323-BD5B-B1B3D5074185}.Debug|Any CPU.Build.0 = Debug|Any CPU
		{01D0C1A7-9845-4323-BD5B-B1B3D5074185}.Debug|Mixed Platforms.ActiveCfg = Debug|Any CPU
		{01D0C1A7-9845-4323-BD5B-B1B3D5074185}.Debug|Mixed Platforms.Build.0 = Debug|Any CPU
		{01D0C1A7-9845-4323-BD5B-B1B3D5074185}.Debug|x86.ActiveCfg = Debug|Any CPU
		{01D0C1A7-9845-4323-BD5B-B1B3D5074185}.Release|Any CPU.ActiveCfg = Release|Any CPU
		{01D0C1A7-9845-4323-BD5B-B1B3D5074185}.Release|Any CPU.Build.0 = Release|Any CPU
		{01D0C1A7-9845-4323-BD5B-B1B3D5074185}.Release|Mixed Platforms.ActiveCfg = Release|Any CPU
		{01D0C1A7-9845-4323-BD5B-B1B3D5074185}.Release|Mixed Platforms.Build.0 = Release|Any CPU
		{01D0C1A7-9845-4323-BD5B-B1B3D5074185}.Release|x86.ActiveCfg = Release|Any CPU
	EndGlobalSection
	GlobalSection(SolutionProperties) = preSolution
		HideSolutionNode = FALSE
	EndGlobalSection
EndGlobal
